{
    "name": "outtimer-financas",
    "version": "1.0.0",
    "lockfileVersion": 3,
    "requires": true,
    "packages": {
        "": {
            "name": "outtimer-financas",
            "version": "1.0.0",
            "workspaces": [
                "apps/*"
            ]
        },
        "apps/api": {
            "name": "@outtimer/api",
            "version": "1.0.0"
        },
        "apps/web": {
            "name": "@outtimer/web",
            "version": "1.0.0"
        },
        "node_modules/@outtimer/api": {
            "resolved": "apps/api",
            "link": true
        },
        "node_modules/@outtimer/web": {
            "resolved": "apps/web",
            "link": true
        }
    }
}
